
Microsoft Visual Studio Solution File, Format Version 12.00
# Visual Studio 15
VisualStudioVersion = 15.0.28307.489
MinimumVisualStudioVersion = 10.0.40219.1
Project("{FAE04EC0-301F-11D3-BF4B-00C04F79EFBC}") = "RobotCleaner.Console", "RobotCleaner.Console\RobotCleaner.Console.csproj", "{C8FF9DEA-74E1-4DCB-A69D-9D6BE18C1E8C}"
EndProject
Project("{FAE04EC0-301F-11D3-BF4B-00C04F79EFBC}") = "RobotCleaner", "RobotCleaner\RobotCleaner.csproj", "{FE9447BE-751C-419A-93A1-7D3B6604E8A9}"
EndProject
Project("{9A19103F-16F7-4668-BE54-9A1E7A4F7556}") = "RobotCleaner.Tests", "RobotCleaner.Tests\RobotCleaner.Tests.csproj", "{94772092-1352-412B-94DE-7065ECF2834F}"
EndProject
Global
	GlobalSection(SolutionConfigurationPlatforms) = preSolution
		Debug|Any CPU = Debug|Any CPU
		Release|Any CPU = Release|Any CPU
	EndGlobalSection
	GlobalSection(ProjectConfigurationPlatforms) = postSolution
		{C8FF9DEA-74E1-4DCB-A69D-9D6BE18C1E8C}.Debug|Any CPU.ActiveCfg = Debug|Any CPU
		{C8FF9DEA-74E1-4DCB-A69D-9D6BE18C1E8C}.Debug|Any CPU.Build.0 = Debug|Any CPU
		{C8FF9DEA-74E1-4DCB-A69D-9D6BE18C1E8C}.Release|Any CPU.ActiveCfg = Release|Any CPU
		{C8FF9DEA-74E1-4DCB-A69D-9D6BE18C1E8C}.Release|Any CPU.Build.0 = Release|Any CPU
		{FE9447BE-751C-419A-93A1-7D3B6604E8A9}.Debug|Any CPU.ActiveCfg = Debug|Any CPU
		{FE9447BE-751C-419A-93A1-7D3B6604E8A9}.Debug|Any CPU.Build.0 = Debug|Any CPU
		{FE9447BE-751C-419A-93A1-7D3B6604E8A9}.Release|Any CPU.ActiveCfg = Release|Any CPU
		{FE9447BE-751C-419A-93A1-7D3B6604E8A9}.Release|Any CPU.Build.0 = Release|Any CPU
		{94772092-1352-412B-94DE-7065ECF2834F}.Debug|Any CPU.ActiveCfg = Debug|Any CPU
		{94772092-1352-412B-94DE-7065ECF2834F}.Debug|Any CPU.Build.0 = Debug|Any CPU
		{94772092-1352-412B-94DE-7065ECF2834F}.Release|Any CPU.ActiveCfg = Release|Any CPU
		{94772092-1352-412B-94DE-7065ECF2834F}.Release|Any CPU.Build.0 = Release|Any CPU
	EndGlobalSection
	GlobalSection(SolutionProperties) = preSolution
		HideSolutionNode = FALSE
	EndGlobalSection
	GlobalSection(ExtensibilityGlobals) = postSolution
		SolutionGuid = {524DEB89-313C-4785-97AD-7FA22724163E}
	EndGlobalSection
EndGlobal
